// !$*UTF8*$!
{
	archiveVersion = 1;
	classes = {
	};
	objectVersion = 46;
	objects = {

/* Begin PBXBuildFile section */
		134152AD1F8800F800122BAE /* Message.swift in Sources */ = {isa = PBXBuildFile; fileRef = 134152AC1F8800F800122BAE /* Message.swift */; };
		134152AF1F88059300122BAE /* MessageCell.swift in Sources */ = {isa = PBXBuildFile; fileRef = 134152AE1F88059300122BAE /* MessageCell.swift */; };
		1348A3391F6FF6CA006E83B9 /* ContactType.swift in Sources */ = {isa = PBXBuildFile; fileRef = 1348A3381F6FF6CA006E83B9 /* ContactType.swift */; };
		135061AB1F73E10500CF5A8A /* NetworkError.swift in Sources */ = {isa = PBXBuildFile; fileRef = 135061AA1F73E10500CF5A8A /* NetworkError.swift */; };
		135061AD1F7409FD00CF5A8A /* ErrorManager.swift in Sources */ = {isa = PBXBuildFile; fileRef = 135061AC1F7409FD00CF5A8A /* ErrorManager.swift */; };
		135061AF1F742B0000CF5A8A /* Contact.swift in Sources */ = {isa = PBXBuildFile; fileRef = 135061AE1F742B0000CF5A8A /* Contact.swift */; };
		135D0C421F7E627300950001 /* PollsCell.swift in Sources */ = {isa = PBXBuildFile; fileRef = 135D0C411F7E627300950001 /* PollsCell.swift */; };
		135D0C441F7E79F900950001 /* Survey.swift in Sources */ = {isa = PBXBuildFile; fileRef = 135D0C431F7E79F900950001 /* Survey.swift */; };
		1361C0E51F34A84D005E2010 /* AppealStatisticsVC.swift in Sources */ = {isa = PBXBuildFile; fileRef = 1361C0E41F34A84D005E2010 /* AppealStatisticsVC.swift */; };
		1361C0E71F34B373005E2010 /* MyProfileVC.swift in Sources */ = {isa = PBXBuildFile; fileRef = 1361C0E61F34B373005E2010 /* MyProfileVC.swift */; };
		1361C0E91F34CC68005E2010 /* AboutAppVC.swift in Sources */ = {isa = PBXBuildFile; fileRef = 1361C0E81F34CC68005E2010 /* AboutAppVC.swift */; };
		1361C0EB1F34D752005E2010 /* ContactCell.swift in Sources */ = {isa = PBXBuildFile; fileRef = 1361C0EA1F34D752005E2010 /* ContactCell.swift */; };
		1361C0ED1F34E02C005E2010 /* OnlineChatVC.swift in Sources */ = {isa = PBXBuildFile; fileRef = 1361C0EC1F34E02C005E2010 /* OnlineChatVC.swift */; };
		1361C0EF1F34E9E3005E2010 /* HelpfulInformationVC.swift in Sources */ = {isa = PBXBuildFile; fileRef = 1361C0EE1F34E9E3005E2010 /* HelpfulInformationVC.swift */; };
		138824AF1F334C9900FDC74D /* MyAppealVC.swift in Sources */ = {isa = PBXBuildFile; fileRef = 138824AE1F334C9900FDC74D /* MyAppealVC.swift */; };
		138824B11F334EB700FDC74D /* MyAppealCell.swift in Sources */ = {isa = PBXBuildFile; fileRef = 138824B01F334EB700FDC74D /* MyAppealCell.swift */; };
		138824B31F3354C800FDC74D /* AppealInfoVC.swift in Sources */ = {isa = PBXBuildFile; fileRef = 138824B21F3354C800FDC74D /* AppealInfoVC.swift */; };
		138824B51F3354EB00FDC74D /* AppealDetailVC.swift in Sources */ = {isa = PBXBuildFile; fileRef = 138824B41F3354EB00FDC74D /* AppealDetailVC.swift */; };
		138B5A121F8BF05C00F5EDC2 /* AlertCell.swift in Sources */ = {isa = PBXBuildFile; fileRef = 138B5A111F8BF05C00F5EDC2 /* AlertCell.swift */; };
		138B5A141F8BF46800F5EDC2 /* Alert.swift in Sources */ = {isa = PBXBuildFile; fileRef = 138B5A131F8BF46800F5EDC2 /* Alert.swift */; };
		138EBD801F93DF69007B12D4 /* LegendCell.swift in Sources */ = {isa = PBXBuildFile; fileRef = 138EBD7F1F93DF69007B12D4 /* LegendCell.swift */; };
		138F39BA1F7EBCEC00EB5A8D /* AnswerCell.swift in Sources */ = {isa = PBXBuildFile; fileRef = 138F39B91F7EBCEC00EB5A8D /* AnswerCell.swift */; };
		138F63BE1F76C3BF002BBD3C /* Status.swift in Sources */ = {isa = PBXBuildFile; fileRef = 138F63BD1F76C3BF002BBD3C /* Status.swift */; };
		138FB4131F716B5700F6E559 /* Cause.swift in Sources */ = {isa = PBXBuildFile; fileRef = 138FB4121F716B5700F6E559 /* Cause.swift */; };
		1392D7DE1F5C4F24004E710B /* NetworkManager.swift in Sources */ = {isa = PBXBuildFile; fileRef = 1392D7DD1F5C4F24004E710B /* NetworkManager.swift */; };
		1394334E1F6E89FB002B8B6B /* Utilities.swift in Sources */ = {isa = PBXBuildFile; fileRef = 1394334D1F6E89FA002B8B6B /* Utilities.swift */; };
		139433501F6E8A53002B8B6B /* Problem.swift in Sources */ = {isa = PBXBuildFile; fileRef = 1394334F1F6E8A53002B8B6B /* Problem.swift */; };
		139734D81F35E9680096D95C /* ContactsVC.swift in Sources */ = {isa = PBXBuildFile; fileRef = 139734D71F35E9680096D95C /* ContactsVC.swift */; };
		139734DC1F3606A70096D95C /* PollsVC.swift in Sources */ = {isa = PBXBuildFile; fileRef = 139734DB1F3606A70096D95C /* PollsVC.swift */; };
		139734DE1F36083D0096D95C /* PollsDetailVC.swift in Sources */ = {isa = PBXBuildFile; fileRef = 139734DD1F36083D0096D95C /* PollsDetailVC.swift */; };
		139734E01F3620820096D95C /* ForgetPasswordVC.swift in Sources */ = {isa = PBXBuildFile; fileRef = 139734DF1F3620820096D95C /* ForgetPasswordVC.swift */; };
		13996AD01F8F811A00C8143C /* Chatroom.swift in Sources */ = {isa = PBXBuildFile; fileRef = 13996ACF1F8F811A00C8143C /* Chatroom.swift */; };
		1399E2601F9244C900839702 /* ChartsVC.swift in Sources */ = {isa = PBXBuildFile; fileRef = 1399E25F1F9244C900839702 /* ChartsVC.swift */; };
		139C17AC1F5ECCC300CBC9DA /* Credentials.swift in Sources */ = {isa = PBXBuildFile; fileRef = 139C17AB1F5ECCC300CBC9DA /* Credentials.swift */; };
		139C17AF1F5ED3B400CBC9DA /* SettingManager.swift in Sources */ = {isa = PBXBuildFile; fileRef = 139C17AE1F5ED3B400CBC9DA /* SettingManager.swift */; };
		13A7C3D81F7FE91000D144F9 /* AppealPhotoCell.swift in Sources */ = {isa = PBXBuildFile; fileRef = 13A7C3D71F7FE91000D144F9 /* AppealPhotoCell.swift */; };
		13ACD40E1F66A010004E8888 /* Profile.swift in Sources */ = {isa = PBXBuildFile; fileRef = 13ACD40D1F66A010004E8888 /* Profile.swift */; };
		13B655A51F31DD9300D437D1 /* MainMenuCell.swift in Sources */ = {isa = PBXBuildFile; fileRef = 13B655A41F31DD9300D437D1 /* MainMenuCell.swift */; };
		13B655A71F32246500D437D1 /* SendAppealVC.swift in Sources */ = {isa = PBXBuildFile; fileRef = 13B655A61F32246500D437D1 /* SendAppealVC.swift */; };
		13C3A8FD1FF10AB0000AB228 /* LoadingView.xib in Resources */ = {isa = PBXBuildFile; fileRef = 13C3A8FC1FF10AB0000AB228 /* LoadingView.xib */; };
		13DE52821F2F5222002A929F /* AppDelegate.swift in Sources */ = {isa = PBXBuildFile; fileRef = 13DE52811F2F5222002A929F /* AppDelegate.swift */; };
		13DE52871F2F5222002A929F /* Main.storyboard in Resources */ = {isa = PBXBuildFile; fileRef = 13DE52851F2F5222002A929F /* Main.storyboard */; };
		13DE528C1F2F5222002A929F /* Assets.xcassets in Resources */ = {isa = PBXBuildFile; fileRef = 13DE528B1F2F5222002A929F /* Assets.xcassets */; };
		13DE528F1F2F5222002A929F /* LaunchScreen.storyboard in Resources */ = {isa = PBXBuildFile; fileRef = 13DE528D1F2F5222002A929F /* LaunchScreen.storyboard */; };
		13DE52991F2F5433002A929F /* RegistrationVC.swift in Sources */ = {isa = PBXBuildFile; fileRef = 13DE52981F2F5433002A929F /* RegistrationVC.swift */; };
		13DE529B1F2F54EB002A929F /* MainVC.swift in Sources */ = {isa = PBXBuildFile; fileRef = 13DE529A1F2F54EB002A929F /* MainVC.swift */; };
		13DE529E1F2F6267002A929F /* AuthorizationVC.swift in Sources */ = {isa = PBXBuildFile; fileRef = 13DE529D1F2F6267002A929F /* AuthorizationVC.swift */; };
		13E293721F866E9500622A7A /* ChatCell.swift in Sources */ = {isa = PBXBuildFile; fileRef = 13E293711F866E9400622A7A /* ChatCell.swift */; };
		13E293741F8675D200622A7A /* MessagesVC.swift in Sources */ = {isa = PBXBuildFile; fileRef = 13E293731F8675D200622A7A /* MessagesVC.swift */; };
		13E8835C1F67FBF8008874C5 /* City.swift in Sources */ = {isa = PBXBuildFile; fileRef = 13E8835B1F67FBF8008874C5 /* City.swift */; };
		13E8835E1F67FC03008874C5 /* District.swift in Sources */ = {isa = PBXBuildFile; fileRef = 13E8835D1F67FC03008874C5 /* District.swift */; };
		13E883601F6817CD008874C5 /* Street.swift in Sources */ = {isa = PBXBuildFile; fileRef = 13E8835F1F6817CD008874C5 /* Street.swift */; };
		13E883621F683129008874C5 /* ClientCategory.swift in Sources */ = {isa = PBXBuildFile; fileRef = 13E883611F683129008874C5 /* ClientCategory.swift */; };
		13F19E3B1F72F2A200E75623 /* StartViewController.swift in Sources */ = {isa = PBXBuildFile; fileRef = 13F19E3A1F72F2A200E75623 /* StartViewController.swift */; };
		AAE3ABE9FC0B22F42DB097EC /* Pods____.framework in Frameworks */ = {isa = PBXBuildFile; fileRef = 2573F3A64566277A80218D3C /* Pods____.framework */; };
/* End PBXBuildFile section */

/* Begin PBXFileReference section */
		134152AC1F8800F800122BAE /* Message.swift */ = {isa = PBXFileReference; lastKnownFileType = sourcecode.swift; path = Message.swift; sourceTree = "<group>"; };
		134152AE1F88059300122BAE /* MessageCell.swift */ = {isa = PBXFileReference; lastKnownFileType = sourcecode.swift; path = MessageCell.swift; sourceTree = "<group>"; };
		1348A3381F6FF6CA006E83B9 /* ContactType.swift */ = {isa = PBXFileReference; fileEncoding = 4; lastKnownFileType = sourcecode.swift; path = ContactType.swift; sourceTree = "<group>"; };
		135061AA1F73E10500CF5A8A /* NetworkError.swift */ = {isa = PBXFileReference; lastKnownFileType = sourcecode.swift; path = NetworkError.swift; sourceTree = "<group>"; };
		135061AC1F7409FD00CF5A8A /* ErrorManager.swift */ = {isa = PBXFileReference; lastKnownFileType = sourcecode.swift; path = ErrorManager.swift; sourceTree = "<group>"; };
		135061AE1F742B0000CF5A8A /* Contact.swift */ = {isa = PBXFileReference; lastKnownFileType = sourcecode.swift; path = Contact.swift; sourceTree = "<group>"; };
		135D0C411F7E627300950001 /* PollsCell.swift */ = {isa = PBXFileReference; lastKnownFileType = sourcecode.swift; path = PollsCell.swift; sourceTree = "<group>"; };
		135D0C431F7E79F900950001 /* Survey.swift */ = {isa = PBXFileReference; lastKnownFileType = sourcecode.swift; path = Survey.swift; sourceTree = "<group>"; };
		1361C0E41F34A84D005E2010 /* AppealStatisticsVC.swift */ = {isa = PBXFileReference; fileEncoding = 4; lastKnownFileType = sourcecode.swift; path = AppealStatisticsVC.swift; sourceTree = "<group>"; };
		1361C0E61F34B373005E2010 /* MyProfileVC.swift */ = {isa = PBXFileReference; fileEncoding = 4; lastKnownFileType = sourcecode.swift; path = MyProfileVC.swift; sourceTree = "<group>"; };
		1361C0E81F34CC68005E2010 /* AboutAppVC.swift */ = {isa = PBXFileReference; fileEncoding = 4; lastKnownFileType = sourcecode.swift; path = AboutAppVC.swift; sourceTree = "<group>"; };
		1361C0EA1F34D752005E2010 /* ContactCell.swift */ = {isa = PBXFileReference; fileEncoding = 4; lastKnownFileType = sourcecode.swift; path = ContactCell.swift; sourceTree = "<group>"; };
		1361C0EC1F34E02C005E2010 /* OnlineChatVC.swift */ = {isa = PBXFileReference; fileEncoding = 4; lastKnownFileType = sourcecode.swift; path = OnlineChatVC.swift; sourceTree = "<group>"; };
		1361C0EE1F34E9E3005E2010 /* HelpfulInformationVC.swift */ = {isa = PBXFileReference; fileEncoding = 4; lastKnownFileType = sourcecode.swift; path = HelpfulInformationVC.swift; sourceTree = "<group>"; };
		138824AE1F334C9900FDC74D /* MyAppealVC.swift */ = {isa = PBXFileReference; fileEncoding = 4; lastKnownFileType = sourcecode.swift; path = MyAppealVC.swift; sourceTree = "<group>"; };
		138824B01F334EB700FDC74D /* MyAppealCell.swift */ = {isa = PBXFileReference; fileEncoding = 4; lastKnownFileType = sourcecode.swift; path = MyAppealCell.swift; sourceTree = "<group>"; };
		138824B21F3354C800FDC74D /* AppealInfoVC.swift */ = {isa = PBXFileReference; fileEncoding = 4; lastKnownFileType = sourcecode.swift; path = AppealInfoVC.swift; sourceTree = "<group>"; };
		138824B41F3354EB00FDC74D /* AppealDetailVC.swift */ = {isa = PBXFileReference; fileEncoding = 4; lastKnownFileType = sourcecode.swift; path = AppealDetailVC.swift; sourceTree = "<group>"; };
		138B5A111F8BF05C00F5EDC2 /* AlertCell.swift */ = {isa = PBXFileReference; lastKnownFileType = sourcecode.swift; path = AlertCell.swift; sourceTree = "<group>"; };
		138B5A131F8BF46800F5EDC2 /* Alert.swift */ = {isa = PBXFileReference; lastKnownFileType = sourcecode.swift; path = Alert.swift; sourceTree = "<group>"; };
		138EBD7F1F93DF69007B12D4 /* LegendCell.swift */ = {isa = PBXFileReference; lastKnownFileType = sourcecode.swift; path = LegendCell.swift; sourceTree = "<group>"; };
		138F39B91F7EBCEC00EB5A8D /* AnswerCell.swift */ = {isa = PBXFileReference; lastKnownFileType = sourcecode.swift; path = AnswerCell.swift; sourceTree = "<group>"; };
		138F63BD1F76C3BF002BBD3C /* Status.swift */ = {isa = PBXFileReference; lastKnownFileType = sourcecode.swift; path = Status.swift; sourceTree = "<group>"; };
		138FB4121F716B5700F6E559 /* Cause.swift */ = {isa = PBXFileReference; fileEncoding = 4; lastKnownFileType = sourcecode.swift; path = Cause.swift; sourceTree = "<group>"; };
		1392D7DD1F5C4F24004E710B /* NetworkManager.swift */ = {isa = PBXFileReference; fileEncoding = 4; lastKnownFileType = sourcecode.swift; path = NetworkManager.swift; sourceTree = "<group>"; };
		1394334D1F6E89FA002B8B6B /* Utilities.swift */ = {isa = PBXFileReference; fileEncoding = 4; lastKnownFileType = sourcecode.swift; path = Utilities.swift; sourceTree = "<group>"; };
		1394334F1F6E8A53002B8B6B /* Problem.swift */ = {isa = PBXFileReference; fileEncoding = 4; lastKnownFileType = sourcecode.swift; path = Problem.swift; sourceTree = "<group>"; };
		139734D71F35E9680096D95C /* ContactsVC.swift */ = {isa = PBXFileReference; fileEncoding = 4; lastKnownFileType = sourcecode.swift; path = ContactsVC.swift; sourceTree = "<group>"; };
		139734DB1F3606A70096D95C /* PollsVC.swift */ = {isa = PBXFileReference; fileEncoding = 4; lastKnownFileType = sourcecode.swift; path = PollsVC.swift; sourceTree = "<group>"; };
		139734DD1F36083D0096D95C /* PollsDetailVC.swift */ = {isa = PBXFileReference; fileEncoding = 4; lastKnownFileType = sourcecode.swift; path = PollsDetailVC.swift; sourceTree = "<group>"; };
		139734DF1F3620820096D95C /* ForgetPasswordVC.swift */ = {isa = PBXFileReference; fileEncoding = 4; lastKnownFileType = sourcecode.swift; path = ForgetPasswordVC.swift; sourceTree = "<group>"; };
		13996ACF1F8F811A00C8143C /* Chatroom.swift */ = {isa = PBXFileReference; lastKnownFileType = sourcecode.swift; path = Chatroom.swift; sourceTree = "<group>"; };
		1399E25F1F9244C900839702 /* ChartsVC.swift */ = {isa = PBXFileReference; lastKnownFileType = sourcecode.swift; path = ChartsVC.swift; sourceTree = "<group>"; };
		139C17AB1F5ECCC300CBC9DA /* Credentials.swift */ = {isa = PBXFileReference; fileEncoding = 4; lastKnownFileType = sourcecode.swift; path = Credentials.swift; sourceTree = "<group>"; };
		139C17AE1F5ED3B400CBC9DA /* SettingManager.swift */ = {isa = PBXFileReference; fileEncoding = 4; lastKnownFileType = sourcecode.swift; path = SettingManager.swift; sourceTree = "<group>"; };
		13A7C3D71F7FE91000D144F9 /* AppealPhotoCell.swift */ = {isa = PBXFileReference; lastKnownFileType = sourcecode.swift; path = AppealPhotoCell.swift; sourceTree = "<group>"; };
		13ACD40D1F66A010004E8888 /* Profile.swift */ = {isa = PBXFileReference; fileEncoding = 4; lastKnownFileType = sourcecode.swift; path = Profile.swift; sourceTree = "<group>"; };
		13B655A41F31DD9300D437D1 /* MainMenuCell.swift */ = {isa = PBXFileReference; fileEncoding = 4; lastKnownFileType = sourcecode.swift; path = MainMenuCell.swift; sourceTree = "<group>"; };
		13B655A61F32246500D437D1 /* SendAppealVC.swift */ = {isa = PBXFileReference; fileEncoding = 4; lastKnownFileType = sourcecode.swift; path = SendAppealVC.swift; sourceTree = "<group>"; };
		13C3A8FC1FF10AB0000AB228 /* LoadingView.xib */ = {isa = PBXFileReference; lastKnownFileType = file.xib; path = LoadingView.xib; sourceTree = "<group>"; };
		13DE527E1F2F5222002A929F /* ККЦ.app */ = {isa = PBXFileReference; explicitFileType = wrapper.application; includeInIndex = 0; path = "ККЦ.app"; sourceTree = BUILT_PRODUCTS_DIR; };
		13DE52811F2F5222002A929F /* AppDelegate.swift */ = {isa = PBXFileReference; lastKnownFileType = sourcecode.swift; path = AppDelegate.swift; sourceTree = "<group>"; };
		13DE52861F2F5222002A929F /* Base */ = {isa = PBXFileReference; lastKnownFileType = file.storyboard; name = Base; path = Base.lproj/Main.storyboard; sourceTree = "<group>"; };
		13DE528B1F2F5222002A929F /* Assets.xcassets */ = {isa = PBXFileReference; lastKnownFileType = folder.assetcatalog; path = Assets.xcassets; sourceTree = "<group>"; };
		13DE528E1F2F5222002A929F /* Base */ = {isa = PBXFileReference; lastKnownFileType = file.storyboard; name = Base; path = Base.lproj/LaunchScreen.storyboard; sourceTree = "<group>"; };
		13DE52901F2F5222002A929F /* Info.plist */ = {isa = PBXFileReference; lastKnownFileType = text.plist.xml; path = Info.plist; sourceTree = "<group>"; };
		13DE52981F2F5433002A929F /* RegistrationVC.swift */ = {isa = PBXFileReference; fileEncoding = 4; lastKnownFileType = sourcecode.swift; path = RegistrationVC.swift; sourceTree = "<group>"; };
		13DE529A1F2F54EB002A929F /* MainVC.swift */ = {isa = PBXFileReference; fileEncoding = 4; lastKnownFileType = sourcecode.swift; path = MainVC.swift; sourceTree = "<group>"; };
		13DE529D1F2F6267002A929F /* AuthorizationVC.swift */ = {isa = PBXFileReference; fileEncoding = 4; lastKnownFileType = sourcecode.swift; path = AuthorizationVC.swift; sourceTree = "<group>"; };
		13E293711F866E9400622A7A /* ChatCell.swift */ = {isa = PBXFileReference; lastKnownFileType = sourcecode.swift; path = ChatCell.swift; sourceTree = "<group>"; };
		13E293731F8675D200622A7A /* MessagesVC.swift */ = {isa = PBXFileReference; lastKnownFileType = sourcecode.swift; path = MessagesVC.swift; sourceTree = "<group>"; };
		13E8835B1F67FBF8008874C5 /* City.swift */ = {isa = PBXFileReference; fileEncoding = 4; lastKnownFileType = sourcecode.swift; path = City.swift; sourceTree = "<group>"; };
		13E8835D1F67FC03008874C5 /* District.swift */ = {isa = PBXFileReference; fileEncoding = 4; lastKnownFileType = sourcecode.swift; path = District.swift; sourceTree = "<group>"; };
		13E8835F1F6817CD008874C5 /* Street.swift */ = {isa = PBXFileReference; fileEncoding = 4; lastKnownFileType = sourcecode.swift; path = Street.swift; sourceTree = "<group>"; };
		13E883611F683129008874C5 /* ClientCategory.swift */ = {isa = PBXFileReference; fileEncoding = 4; lastKnownFileType = sourcecode.swift; path = ClientCategory.swift; sourceTree = "<group>"; };
		13F19E3A1F72F2A200E75623 /* StartViewController.swift */ = {isa = PBXFileReference; lastKnownFileType = sourcecode.swift; path = StartViewController.swift; sourceTree = "<group>"; };
		2573F3A64566277A80218D3C /* Pods____.framework */ = {isa = PBXFileReference; explicitFileType = wrapper.framework; includeInIndex = 0; path = "Pods____.framework"; sourceTree = BUILT_PRODUCTS_DIR; };
		6DDE0081DC3AFE8FB23A58E6 /* Pods-ККЦ.release.xcconfig */ = {isa = PBXFileReference; includeInIndex = 1; lastKnownFileType = text.xcconfig; name = "Pods-ККЦ.release.xcconfig"; path = "Pods/Target Support Files/Pods-ККЦ/Pods-ККЦ.release.xcconfig"; sourceTree = "<group>"; };
		D5D1E866162A8B4A1E8EFBE2 /* Pods-ККЦ.debug.xcconfig */ = {isa = PBXFileReference; includeInIndex = 1; lastKnownFileType = text.xcconfig; name = "Pods-ККЦ.debug.xcconfig"; path = "Pods/Target Support Files/Pods-ККЦ/Pods-ККЦ.debug.xcconfig"; sourceTree = "<group>"; };
/* End PBXFileReference section */

/* Begin PBXFrameworksBuildPhase section */
		13DE527B1F2F5222002A929F /* Frameworks */ = {
			isa = PBXFrameworksBuildPhase;
			buildActionMask = 2147483647;
			files = (
				AAE3ABE9FC0B22F42DB097EC /* Pods____.framework in Frameworks */,
			);
			runOnlyForDeploymentPostprocessing = 0;
		};
/* End PBXFrameworksBuildPhase section */

/* Begin PBXGroup section */
		1375D7031F3085D6009DC50F /* Custom cell's */ = {
			isa = PBXGroup;
			children = (
				1361C0EA1F34D752005E2010 /* ContactCell.swift */,
				138824B01F334EB700FDC74D /* MyAppealCell.swift */,
				13B655A41F31DD9300D437D1 /* MainMenuCell.swift */,
				135D0C411F7E627300950001 /* PollsCell.swift */,
				138F39B91F7EBCEC00EB5A8D /* AnswerCell.swift */,
				13A7C3D71F7FE91000D144F9 /* AppealPhotoCell.swift */,
				13E293711F866E9400622A7A /* ChatCell.swift */,
				134152AE1F88059300122BAE /* MessageCell.swift */,
				138B5A111F8BF05C00F5EDC2 /* AlertCell.swift */,
				138EBD7F1F93DF69007B12D4 /* LegendCell.swift */,
			);
			name = "Custom cell's";
			sourceTree = "<group>";
		};
		139C17AD1F5ECDD900CBC9DA /* Model */ = {
			isa = PBXGroup;
			children = (
				139C17AB1F5ECCC300CBC9DA /* Credentials.swift */,
				13ACD40D1F66A010004E8888 /* Profile.swift */,
				13E8835B1F67FBF8008874C5 /* City.swift */,
				13E8835D1F67FC03008874C5 /* District.swift */,
				13E8835F1F6817CD008874C5 /* Street.swift */,
				13E883611F683129008874C5 /* ClientCategory.swift */,
				1394334D1F6E89FA002B8B6B /* Utilities.swift */,
				1348A3381F6FF6CA006E83B9 /* ContactType.swift */,
				1394334F1F6E8A53002B8B6B /* Problem.swift */,
				138FB4121F716B5700F6E559 /* Cause.swift */,
				135061AE1F742B0000CF5A8A /* Contact.swift */,
				135D0C431F7E79F900950001 /* Survey.swift */,
				134152AC1F8800F800122BAE /* Message.swift */,
				138B5A131F8BF46800F5EDC2 /* Alert.swift */,
				13996ACF1F8F811A00C8143C /* Chatroom.swift */,
				135061AA1F73E10500CF5A8A /* NetworkError.swift */,
				138F63BD1F76C3BF002BBD3C /* Status.swift */,
			);
			name = Model;
			sourceTree = "<group>";
		};
		139C17B01F5F021100CBC9DA /* Managers */ = {
			isa = PBXGroup;
			children = (
				1392D7DD1F5C4F24004E710B /* NetworkManager.swift */,
				139C17AE1F5ED3B400CBC9DA /* SettingManager.swift */,
				135061AC1F7409FD00CF5A8A /* ErrorManager.swift */,
			);
			name = Managers;
			sourceTree = "<group>";
		};
		13DE52751F2F5222002A929F = {
			isa = PBXGroup;
			children = (
				13DE52801F2F5222002A929F /* ККЦ */,
				13DE527F1F2F5222002A929F /* Products */,
				322BACD87D00ABA5160B2FC7 /* Pods */,
				9F9C7D0404B1EA7E11E80A68 /* Frameworks */,
			);
			sourceTree = "<group>";
		};
		13DE527F1F2F5222002A929F /* Products */ = {
			isa = PBXGroup;
			children = (
				13DE527E1F2F5222002A929F /* ККЦ.app */,
			);
			name = Products;
			sourceTree = "<group>";
		};
		13DE52801F2F5222002A929F /* ККЦ */ = {
			isa = PBXGroup;
			children = (
				139C17B01F5F021100CBC9DA /* Managers */,
				139C17AD1F5ECDD900CBC9DA /* Model */,
				13DE529C1F2F54F2002A929F /* View Controller's */,
				13DE52811F2F5222002A929F /* AppDelegate.swift */,
				13DE52851F2F5222002A929F /* Main.storyboard */,
				13C3A8FC1FF10AB0000AB228 /* LoadingView.xib */,
				13DE528B1F2F5222002A929F /* Assets.xcassets */,
				13DE528D1F2F5222002A929F /* LaunchScreen.storyboard */,
				13DE52901F2F5222002A929F /* Info.plist */,
			);
			path = "ККЦ";
			sourceTree = "<group>";
		};
		13DE529C1F2F54F2002A929F /* View Controller's */ = {
			isa = PBXGroup;
			children = (
				1375D7031F3085D6009DC50F /* Custom cell's */,
				13F19E3A1F72F2A200E75623 /* StartViewController.swift */,
				13DE529D1F2F6267002A929F /* AuthorizationVC.swift */,
				13DE52981F2F5433002A929F /* RegistrationVC.swift */,
				139734DF1F3620820096D95C /* ForgetPasswordVC.swift */,
				13DE529A1F2F54EB002A929F /* MainVC.swift */,
				13B655A61F32246500D437D1 /* SendAppealVC.swift */,
				138824AE1F334C9900FDC74D /* MyAppealVC.swift */,
				138824B21F3354C800FDC74D /* AppealInfoVC.swift */,
				138824B41F3354EB00FDC74D /* AppealDetailVC.swift */,
				1361C0E41F34A84D005E2010 /* AppealStatisticsVC.swift */,
				1399E25F1F9244C900839702 /* ChartsVC.swift */,
				1361C0E61F34B373005E2010 /* MyProfileVC.swift */,
				1361C0E81F34CC68005E2010 /* AboutAppVC.swift */,
				1361C0EC1F34E02C005E2010 /* OnlineChatVC.swift */,
				13E293731F8675D200622A7A /* MessagesVC.swift */,
				139734DB1F3606A70096D95C /* PollsVC.swift */,
				139734DD1F36083D0096D95C /* PollsDetailVC.swift */,
				1361C0EE1F34E9E3005E2010 /* HelpfulInformationVC.swift */,
				139734D71F35E9680096D95C /* ContactsVC.swift */,
			);
			name = "View Controller's";
			sourceTree = "<group>";
		};
		322BACD87D00ABA5160B2FC7 /* Pods */ = {
			isa = PBXGroup;
			children = (
				D5D1E866162A8B4A1E8EFBE2 /* Pods-ККЦ.debug.xcconfig */,
				6DDE0081DC3AFE8FB23A58E6 /* Pods-ККЦ.release.xcconfig */,
			);
			name = Pods;
			sourceTree = "<group>";
		};
		9F9C7D0404B1EA7E11E80A68 /* Frameworks */ = {
			isa = PBXGroup;
			children = (
				2573F3A64566277A80218D3C /* Pods____.framework */,
			);
			name = Frameworks;
			sourceTree = "<group>";
		};
/* End PBXGroup section */

/* Begin PBXNativeTarget section */
		13DE527D1F2F5222002A929F /* ККЦ */ = {
			isa = PBXNativeTarget;
			buildConfigurationList = 13DE52931F2F5222002A929F /* Build configuration list for PBXNativeTarget "ККЦ" */;
			buildPhases = (
				1A14A7E2EE4186B2DEDAF7FD /* [CP] Check Pods Manifest.lock */,
				13DE527A1F2F5222002A929F /* Sources */,
				13DE527B1F2F5222002A929F /* Frameworks */,
				13DE527C1F2F5222002A929F /* Resources */,
				E4110747A3C57408275598AE /* [CP] Embed Pods Frameworks */,
				96C9B5CA0EDA43F7F4B57BCB /* [CP] Copy Pods Resources */,
			);
			buildRules = (
			);
			dependencies = (
			);
			name = "ККЦ";
			productName = "ККЦ";
			productReference = 13DE527E1F2F5222002A929F /* ККЦ.app */;
			productType = "com.apple.product-type.application";
		};
/* End PBXNativeTarget section */

/* Begin PBXProject section */
		13DE52761F2F5222002A929F /* Project object */ = {
			isa = PBXProject;
			attributes = {
				LastSwiftUpdateCheck = 0830;
				LastUpgradeCheck = 0900;
				ORGANIZATIONNAME = "Oleg Minkov";
				TargetAttributes = {
					13DE527D1F2F5222002A929F = {
						CreatedOnToolsVersion = 8.3.3;
						DevelopmentTeam = E925E6KCPA;
						LastSwiftMigration = 0900;
						ProvisioningStyle = Manual;
					};
				};
			};
			buildConfigurationList = 13DE52791F2F5222002A929F /* Build configuration list for PBXProject "ККЦ" */;
			compatibilityVersion = "Xcode 3.2";
			developmentRegion = English;
			hasScannedForEncodings = 0;
			knownRegions = (
				en,
				Base,
			);
			mainGroup = 13DE52751F2F5222002A929F;
			productRefGroup = 13DE527F1F2F5222002A929F /* Products */;
			projectDirPath = "";
			projectRoot = "";
			targets = (
				13DE527D1F2F5222002A929F /* ККЦ */,
			);
		};
/* End PBXProject section */

/* Begin PBXResourcesBuildPhase section */
		13DE527C1F2F5222002A929F /* Resources */ = {
			isa = PBXResourcesBuildPhase;
			buildActionMask = 2147483647;
			files = (
				13DE528F1F2F5222002A929F /* LaunchScreen.storyboard in Resources */,
				13DE528C1F2F5222002A929F /* Assets.xcassets in Resources */,
				13C3A8FD1FF10AB0000AB228 /* LoadingView.xib in Resources */,
				13DE52871F2F5222002A929F /* Main.storyboard in Resources */,
			);
			runOnlyForDeploymentPostprocessing = 0;
		};
/* End PBXResourcesBuildPhase section */

/* Begin PBXShellScriptBuildPhase section */
		1A14A7E2EE4186B2DEDAF7FD /* [CP] Check Pods Manifest.lock */ = {
			isa = PBXShellScriptBuildPhase;
			buildActionMask = 2147483647;
			files = (
			);
			inputPaths = (
			);
			name = "[CP] Check Pods Manifest.lock";
			outputPaths = (
			);
			runOnlyForDeploymentPostprocessing = 0;
			shellPath = /bin/sh;
			shellScript = "diff \"${PODS_ROOT}/../Podfile.lock\" \"${PODS_ROOT}/Manifest.lock\" > /dev/null\nif [ $? != 0 ] ; then\n    # print error to STDERR\n    echo \"error: The sandbox is not in sync with the Podfile.lock. Run 'pod install' or update your CocoaPods installation.\" >&2\n    exit 1\nfi\n";
			showEnvVarsInLog = 0;
		};
		96C9B5CA0EDA43F7F4B57BCB /* [CP] Copy Pods Resources */ = {
			isa = PBXShellScriptBuildPhase;
			buildActionMask = 2147483647;
			files = (
			);
			inputPaths = (
			);
			name = "[CP] Copy Pods Resources";
			outputPaths = (
			);
			runOnlyForDeploymentPostprocessing = 0;
			shellPath = /bin/sh;
			shellScript = "\"${SRCROOT}/Pods/Target Support Files/Pods-ККЦ/Pods-ККЦ-resources.sh\"\n";
			showEnvVarsInLog = 0;
		};
		E4110747A3C57408275598AE /* [CP] Embed Pods Frameworks */ = {
			isa = PBXShellScriptBuildPhase;
			buildActionMask = 2147483647;
			files = (
			);
			inputPaths = (
			);
			name = "[CP] Embed Pods Frameworks";
			outputPaths = (
			);
			runOnlyForDeploymentPostprocessing = 0;
			shellPath = /bin/sh;
			shellScript = "\"${SRCROOT}/Pods/Target Support Files/Pods-ККЦ/Pods-ККЦ-frameworks.sh\"\n";
			showEnvVarsInLog = 0;
		};
/* End PBXShellScriptBuildPhase section */

/* Begin PBXSourcesBuildPhase section */
		13DE527A1F2F5222002A929F /* Sources */ = {
			isa = PBXSourcesBuildPhase;
			buildActionMask = 2147483647;
			files = (
				138EBD801F93DF69007B12D4 /* LegendCell.swift in Sources */,
				139C17AF1F5ED3B400CBC9DA /* SettingManager.swift in Sources */,
				1361C0E71F34B373005E2010 /* MyProfileVC.swift in Sources */,
				13E8835C1F67FBF8008874C5 /* City.swift in Sources */,
				13E8835E1F67FC03008874C5 /* District.swift in Sources */,
				135D0C421F7E627300950001 /* PollsCell.swift in Sources */,
				1394334E1F6E89FB002B8B6B /* Utilities.swift in Sources */,
				138824B31F3354C800FDC74D /* AppealInfoVC.swift in Sources */,
				135061AD1F7409FD00CF5A8A /* ErrorManager.swift in Sources */,
				13ACD40E1F66A010004E8888 /* Profile.swift in Sources */,
				138FB4131F716B5700F6E559 /* Cause.swift in Sources */,
				13DE529E1F2F6267002A929F /* AuthorizationVC.swift in Sources */,
				138824B51F3354EB00FDC74D /* AppealDetailVC.swift in Sources */,
				13E293721F866E9500622A7A /* ChatCell.swift in Sources */,
				1361C0EF1F34E9E3005E2010 /* HelpfulInformationVC.swift in Sources */,
				1392D7DE1F5C4F24004E710B /* NetworkManager.swift in Sources */,
				139734DE1F36083D0096D95C /* PollsDetailVC.swift in Sources */,
				134152AD1F8800F800122BAE /* Message.swift in Sources */,
				138B5A121F8BF05C00F5EDC2 /* AlertCell.swift in Sources */,
				1361C0E91F34CC68005E2010 /* AboutAppVC.swift in Sources */,
				13E293741F8675D200622A7A /* MessagesVC.swift in Sources */,
				13A7C3D81F7FE91000D144F9 /* AppealPhotoCell.swift in Sources */,
				13F19E3B1F72F2A200E75623 /* StartViewController.swift in Sources */,
				138824AF1F334C9900FDC74D /* MyAppealVC.swift in Sources */,
				1361C0E51F34A84D005E2010 /* AppealStatisticsVC.swift in Sources */,
				1361C0ED1F34E02C005E2010 /* OnlineChatVC.swift in Sources */,
				135061AF1F742B0000CF5A8A /* Contact.swift in Sources */,
				13E883601F6817CD008874C5 /* Street.swift in Sources */,
				139734E01F3620820096D95C /* ForgetPasswordVC.swift in Sources */,
				139734DC1F3606A70096D95C /* PollsVC.swift in Sources */,
				13DE52821F2F5222002A929F /* AppDelegate.swift in Sources */,
				139734D81F35E9680096D95C /* ContactsVC.swift in Sources */,
				13E883621F683129008874C5 /* ClientCategory.swift in Sources */,
				13DE529B1F2F54EB002A929F /* MainVC.swift in Sources */,
				139433501F6E8A53002B8B6B /* Problem.swift in Sources */,
				139C17AC1F5ECCC300CBC9DA /* Credentials.swift in Sources */,
				1361C0EB1F34D752005E2010 /* ContactCell.swift in Sources */,
				13DE52991F2F5433002A929F /* RegistrationVC.swift in Sources */,
				134152AF1F88059300122BAE /* MessageCell.swift in Sources */,
				13996AD01F8F811A00C8143C /* Chatroom.swift in Sources */,
				138B5A141F8BF46800F5EDC2 /* Alert.swift in Sources */,
				1348A3391F6FF6CA006E83B9 /* ContactType.swift in Sources */,
				13B655A71F32246500D437D1 /* SendAppealVC.swift in Sources */,
				1399E2601F9244C900839702 /* ChartsVC.swift in Sources */,
				138F63BE1F76C3BF002BBD3C /* Status.swift in Sources */,
				135061AB1F73E10500CF5A8A /* NetworkError.swift in Sources */,
				138824B11F334EB700FDC74D /* MyAppealCell.swift in Sources */,
				138F39BA1F7EBCEC00EB5A8D /* AnswerCell.swift in Sources */,
				135D0C441F7E79F900950001 /* Survey.swift in Sources */,
				13B655A51F31DD9300D437D1 /* MainMenuCell.swift in Sources */,
			);
			runOnlyForDeploymentPostprocessing = 0;
		};
/* End PBXSourcesBuildPhase section */

/* Begin PBXVariantGroup section */
		13DE52851F2F5222002A929F /* Main.storyboard */ = {
			isa = PBXVariantGroup;
			children = (
				13DE52861F2F5222002A929F /* Base */,
			);
			name = Main.storyboard;
			sourceTree = "<group>";
		};
		13DE528D1F2F5222002A929F /* LaunchScreen.storyboard */ = {
			isa = PBXVariantGroup;
			children = (
				13DE528E1F2F5222002A929F /* Base */,
			);
			name = LaunchScreen.storyboard;
			sourceTree = "<group>";
		};
/* End PBXVariantGroup section */

/* Begin XCBuildConfiguration section */
		13DE52911F2F5222002A929F /* Debug */ = {
			isa = XCBuildConfiguration;
			buildSettings = {
				ALWAYS_SEARCH_USER_PATHS = NO;
				CLANG_ANALYZER_NONNULL = YES;
				CLANG_ANALYZER_NUMBER_OBJECT_CONVERSION = YES_AGGRESSIVE;
				CLANG_CXX_LANGUAGE_STANDARD = "gnu++0x";
				CLANG_CXX_LIBRARY = "libc++";
				CLANG_ENABLE_MODULES = YES;
				CLANG_ENABLE_OBJC_ARC = YES;
				CLANG_WARN_BLOCK_CAPTURE_AUTORELEASING = YES;
				CLANG_WARN_BOOL_CONVERSION = YES;
				CLANG_WARN_COMMA = YES;
				CLANG_WARN_CONSTANT_CONVERSION = YES;
				CLANG_WARN_DIRECT_OBJC_ISA_USAGE = YES_ERROR;
				CLANG_WARN_DOCUMENTATION_COMMENTS = YES;
				CLANG_WARN_EMPTY_BODY = YES;
				CLANG_WARN_ENUM_CONVERSION = YES;
				CLANG_WARN_INFINITE_RECURSION = YES;
				CLANG_WARN_INT_CONVERSION = YES;
				CLANG_WARN_NON_LITERAL_NULL_CONVERSION = YES;
				CLANG_WARN_OBJC_LITERAL_CONVERSION = YES;
				CLANG_WARN_OBJC_ROOT_CLASS = YES_ERROR;
				CLANG_WARN_RANGE_LOOP_ANALYSIS = YES;
				CLANG_WARN_STRICT_PROTOTYPES = YES;
				CLANG_WARN_SUSPICIOUS_MOVE = YES;
				CLANG_WARN_UNREACHABLE_CODE = YES;
				CLANG_WARN__DUPLICATE_METHOD_MATCH = YES;
				"CODE_SIGN_IDENTITY[sdk=iphoneos*]" = "iPhone Developer";
				COPY_PHASE_STRIP = NO;
				DEBUG_INFORMATION_FORMAT = dwarf;
				ENABLE_STRICT_OBJC_MSGSEND = YES;
				ENABLE_TESTABILITY = YES;
				GCC_C_LANGUAGE_STANDARD = gnu99;
				GCC_DYNAMIC_NO_PIC = NO;
				GCC_NO_COMMON_BLOCKS = YES;
				GCC_OPTIMIZATION_LEVEL = 0;
				GCC_PREPROCESSOR_DEFINITIONS = (
					"DEBUG=1",
					"$(inherited)",
				);
				GCC_WARN_64_TO_32_BIT_CONVERSION = YES;
				GCC_WARN_ABOUT_RETURN_TYPE = YES_ERROR;
				GCC_WARN_UNDECLARED_SELECTOR = YES;
				GCC_WARN_UNINITIALIZED_AUTOS = YES_AGGRESSIVE;
				GCC_WARN_UNUSED_FUNCTION = YES;
				GCC_WARN_UNUSED_VARIABLE = YES;
				IPHONEOS_DEPLOYMENT_TARGET = 10.3;
				MTL_ENABLE_DEBUG_INFO = YES;
				ONLY_ACTIVE_ARCH = YES;
				SDKROOT = iphoneos;
				SWIFT_ACTIVE_COMPILATION_CONDITIONS = DEBUG;
				SWIFT_OPTIMIZATION_LEVEL = "-Onone";
			};
			name = Debug;
		};
		13DE52921F2F5222002A929F /* Release */ = {
			isa = XCBuildConfiguration;
			buildSettings = {
				ALWAYS_SEARCH_USER_PATHS = NO;
				CLANG_ANALYZER_NONNULL = YES;
				CLANG_ANALYZER_NUMBER_OBJECT_CONVERSION = YES_AGGRESSIVE;
				CLANG_CXX_LANGUAGE_STANDARD = "gnu++0x";
				CLANG_CXX_LIBRARY = "libc++";
				CLANG_ENABLE_MODULES = YES;
				CLANG_ENABLE_OBJC_ARC = YES;
				CLANG_WARN_BLOCK_CAPTURE_AUTORELEASING = YES;
				CLANG_WARN_BOOL_CONVERSION = YES;
				CLANG_WARN_COMMA = YES;
				CLANG_WARN_CONSTANT_CONVERSION = YES;
				CLANG_WARN_DIRECT_OBJC_ISA_USAGE = YES_ERROR;
				CLANG_WARN_DOCUMENTATION_COMMENTS = YES;
				CLANG_WARN_EMPTY_BODY = YES;
				CLANG_WARN_ENUM_CONVERSION = YES;
				CLANG_WARN_INFINITE_RECURSION = YES;
				CLANG_WARN_INT_CONVERSION = YES;
				CLANG_WARN_NON_LITERAL_NULL_CONVERSION = YES;
				CLANG_WARN_OBJC_LITERAL_CONVERSION = YES;
				CLANG_WARN_OBJC_ROOT_CLASS = YES_ERROR;
				CLANG_WARN_RANGE_LOOP_ANALYSIS = YES;
				CLANG_WARN_STRICT_PROTOTYPES = YES;
				CLANG_WARN_SUSPICIOUS_MOVE = YES;
				CLANG_WARN_UNREACHABLE_CODE = YES;
				CLANG_WARN__DUPLICATE_METHOD_MATCH = YES;
				"CODE_SIGN_IDENTITY[sdk=iphoneos*]" = "iPhone Developer";
				COPY_PHASE_STRIP = NO;
				DEBUG_INFORMATION_FORMAT = "dwarf-with-dsym";
				ENABLE_NS_ASSERTIONS = NO;
				ENABLE_STRICT_OBJC_MSGSEND = YES;
				GCC_C_LANGUAGE_STANDARD = gnu99;
				GCC_NO_COMMON_BLOCKS = YES;
				GCC_WARN_64_TO_32_BIT_CONVERSION = YES;
				GCC_WARN_ABOUT_RETURN_TYPE = YES_ERROR;
				GCC_WARN_UNDECLARED_SELECTOR = YES;
				GCC_WARN_UNINITIALIZED_AUTOS = YES_AGGRESSIVE;
				GCC_WARN_UNUSED_FUNCTION = YES;
				GCC_WARN_UNUSED_VARIABLE = YES;
				IPHONEOS_DEPLOYMENT_TARGET = 10.3;
				MTL_ENABLE_DEBUG_INFO = NO;
				SDKROOT = iphoneos;
				SWIFT_OPTIMIZATION_LEVEL = "-Owholemodule";
				VALIDATE_PRODUCT = YES;
			};
			name = Release;
		};
		13DE52941F2F5222002A929F /* Debug */ = {
			isa = XCBuildConfiguration;
			baseConfigurationReference = D5D1E866162A8B4A1E8EFBE2 /* Pods-ККЦ.debug.xcconfig */;
			buildSettings = {
				ASSETCATALOG_COMPILER_APPICON_NAME = AppIcon;
				"CODE_SIGN_IDENTITY[sdk=iphoneos*]" = "iPhone Developer";
				CODE_SIGN_STYLE = Manual;
				DEVELOPMENT_TEAM = E925E6KCPA;
				INFOPLIST_FILE = "ККЦ/Info.plist";
				IPHONEOS_DEPLOYMENT_TARGET = 10.0;
				LD_RUNPATH_SEARCH_PATHS = "$(inherited) @executable_path/Frameworks";
				PRODUCT_BUNDLE_IDENTIFIER = minkov.dev.dnieper;
				PRODUCT_NAME = "$(TARGET_NAME)";
				PROVISIONING_PROFILE = "e6feb0af-5364-43c8-ae06-06c2225dd8d0";
				PROVISIONING_PROFILE_SPECIFIER = "CC Dnieper Dev Profile";
				SWIFT_SWIFT3_OBJC_INFERENCE = Off;
				SWIFT_VERSION = 4.0;
			};
			name = Debug;
		};
		13DE52951F2F5222002A929F /* Release */ = {
			isa = XCBuildConfiguration;
			baseConfigurationReference = 6DDE0081DC3AFE8FB23A58E6 /* Pods-ККЦ.release.xcconfig */;
			buildSettings = {
				ASSETCATALOG_COMPILER_APPICON_NAME = AppIcon;
				"CODE_SIGN_IDENTITY[sdk=iphoneos*]" = "iPhone Distribution";
				CODE_SIGN_STYLE = Manual;
				DEVELOPMENT_TEAM = E925E6KCPA;
				INFOPLIST_FILE = "ККЦ/Info.plist";
				IPHONEOS_DEPLOYMENT_TARGET = 10.0;
				LD_RUNPATH_SEARCH_PATHS = "$(inherited) @executable_path/Frameworks";
				PRODUCT_BUNDLE_IDENTIFIER = minkov.dev.dnieper;
				PRODUCT_NAME = "$(TARGET_NAME)";
				PROVISIONING_PROFILE = "b8496da8-2c54-4433-9a73-7e9a0ed2062f";
				PROVISIONING_PROFILE_SPECIFIER = "CC Dnieper AdHoc Profile";
				SWIFT_SWIFT3_OBJC_INFERENCE = Off;
				SWIFT_VERSION = 4.0;
			};
			name = Release;
		};
/* End XCBuildConfiguration section */

/* Begin XCConfigurationList section */
		13DE52791F2F5222002A929F /* Build configuration list for PBXProject "ККЦ" */ = {
			isa = XCConfigurationList;
			buildConfigurations = (
				13DE52911F2F5222002A929F /* Debug */,
				13DE52921F2F5222002A929F /* Release */,
			);
			defaultConfigurationIsVisible = 0;
			defaultConfigurationName = Release;
		};
		13DE52931F2F5222002A929F /* Build configuration list for PBXNativeTarget "ККЦ" */ = {
			isa = XCConfigurationList;
			buildConfigurations = (
				13DE52941F2F5222002A929F /* Debug */,
				13DE52951F2F5222002A929F /* Release */,
			);
			defaultConfigurationIsVisible = 0;
			defaultConfigurationName = Release;
		};
/* End XCConfigurationList section */
	};
	rootObject = 13DE52761F2F5222002A929F /* Project object */;
}
